// !$*UTF8*$!
{
	archiveVersion = 1;
	classes = {
	};
	objectVersion = 50;
	objects = {

/* Begin PBXBuildFile section */
		3B0214532259095D006E877B /* Extensions.swift in Sources */ = {isa = PBXBuildFile; fileRef = 3B0214522259095D006E877B /* Extensions.swift */; };
		3B021455225D1766006E877B /* ChatLogController.swift in Sources */ = {isa = PBXBuildFile; fileRef = 3B021454225D1766006E877B /* ChatLogController.swift */; };
		3B021457225E5C61006E877B /* Message.swift in Sources */ = {isa = PBXBuildFile; fileRef = 3B021456225E5C61006E877B /* Message.swift */; };
		3B02145A225F7087006E877B /* UserCell.swift in Sources */ = {isa = PBXBuildFile; fileRef = 3B021459225F7087006E877B /* UserCell.swift */; };
		3B02145C226209CE006E877B /* ChatMessageCell.swift in Sources */ = {isa = PBXBuildFile; fileRef = 3B02145B226209CE006E877B /* ChatMessageCell.swift */; };
		3B2F90432205E401007E029D /* AppDelegate.swift in Sources */ = {isa = PBXBuildFile; fileRef = 3B2F90422205E401007E029D /* AppDelegate.swift */; };
		3B2F90452205E401007E029D /* MessagesController.swift in Sources */ = {isa = PBXBuildFile; fileRef = 3B2F90442205E401007E029D /* MessagesController.swift */; };
		3B2F90482205E401007E029D /* Main.storyboard in Resources */ = {isa = PBXBuildFile; fileRef = 3B2F90462205E401007E029D /* Main.storyboard */; };
		3B2F904A2205E403007E029D /* Assets.xcassets in Resources */ = {isa = PBXBuildFile; fileRef = 3B2F90492205E403007E029D /* Assets.xcassets */; };
		3B2F904D2205E403007E029D /* LaunchScreen.storyboard in Resources */ = {isa = PBXBuildFile; fileRef = 3B2F904B2205E403007E029D /* LaunchScreen.storyboard */; };
		3B2F90562205FC7B007E029D /* LoginController.swift in Sources */ = {isa = PBXBuildFile; fileRef = 3B2F90552205FC7B007E029D /* LoginController.swift */; };
		3B2F905822073D51007E029D /* GoogleService-Info.plist in Resources */ = {isa = PBXBuildFile; fileRef = 3B2F905722073D51007E029D /* GoogleService-Info.plist */; };
		3B2F905A220CAAF6007E029D /* NewMessageController.swift in Sources */ = {isa = PBXBuildFile; fileRef = 3B2F9059220CAAF6007E029D /* NewMessageController.swift */; };
		3B2F905D220CB1A8007E029D /* User.swift in Sources */ = {isa = PBXBuildFile; fileRef = 3B2F905C220CB1A8007E029D /* User.swift */; };
		3B2F905F220DE7F1007E029D /* LoginController+handlers.swift in Sources */ = {isa = PBXBuildFile; fileRef = 3B2F905E220DE7F1007E029D /* LoginController+handlers.swift */; };
		DC806105641C0369AEB21844 /* Pods_Gameofchats.framework in Frameworks */ = {isa = PBXBuildFile; fileRef = B72809F6B902AE490B8A8A62 /* Pods_Gameofchats.framework */; };
/* End PBXBuildFile section */

/* Begin PBXFileReference section */
		3B0214522259095D006E877B /* Extensions.swift */ = {isa = PBXFileReference; lastKnownFileType = sourcecode.swift; path = Extensions.swift; sourceTree = "<group>"; };
		3B021454225D1766006E877B /* ChatLogController.swift */ = {isa = PBXFileReference; lastKnownFileType = sourcecode.swift; path = ChatLogController.swift; sourceTree = "<group>"; };
		3B021456225E5C61006E877B /* Message.swift */ = {isa = PBXFileReference; lastKnownFileType = sourcecode.swift; path = Message.swift; sourceTree = "<group>"; };
		3B021459225F7087006E877B /* UserCell.swift */ = {isa = PBXFileReference; lastKnownFileType = sourcecode.swift; path = UserCell.swift; sourceTree = "<group>"; };
		3B02145B226209CE006E877B /* ChatMessageCell.swift */ = {isa = PBXFileReference; lastKnownFileType = sourcecode.swift; path = ChatMessageCell.swift; sourceTree = "<group>"; };
		3B2F903F2205E401007E029D /* Gameofchats.app */ = {isa = PBXFileReference; explicitFileType = wrapper.application; includeInIndex = 0; path = Gameofchats.app; sourceTree = BUILT_PRODUCTS_DIR; };
		3B2F90422205E401007E029D /* AppDelegate.swift */ = {isa = PBXFileReference; lastKnownFileType = sourcecode.swift; path = AppDelegate.swift; sourceTree = "<group>"; };
		3B2F90442205E401007E029D /* MessagesController.swift */ = {isa = PBXFileReference; lastKnownFileType = sourcecode.swift; path = MessagesController.swift; sourceTree = "<group>"; };
		3B2F90472205E401007E029D /* Base */ = {isa = PBXFileReference; lastKnownFileType = file.storyboard; name = Base; path = Base.lproj/Main.storyboard; sourceTree = "<group>"; };
		3B2F90492205E403007E029D /* Assets.xcassets */ = {isa = PBXFileReference; lastKnownFileType = folder.assetcatalog; path = Assets.xcassets; sourceTree = "<group>"; };
		3B2F904C2205E403007E029D /* Base */ = {isa = PBXFileReference; lastKnownFileType = file.storyboard; name = Base; path = Base.lproj/LaunchScreen.storyboard; sourceTree = "<group>"; };
		3B2F904E2205E403007E029D /* Info.plist */ = {isa = PBXFileReference; lastKnownFileType = text.plist.xml; path = Info.plist; sourceTree = "<group>"; };
		3B2F90552205FC7B007E029D /* LoginController.swift */ = {isa = PBXFileReference; lastKnownFileType = sourcecode.swift; path = LoginController.swift; sourceTree = "<group>"; };
		3B2F905722073D51007E029D /* GoogleService-Info.plist */ = {isa = PBXFileReference; fileEncoding = 4; lastKnownFileType = text.plist.xml; path = "GoogleService-Info.plist"; sourceTree = "<group>"; };
		3B2F9059220CAAF6007E029D /* NewMessageController.swift */ = {isa = PBXFileReference; lastKnownFileType = sourcecode.swift; path = NewMessageController.swift; sourceTree = "<group>"; };
		3B2F905C220CB1A8007E029D /* User.swift */ = {isa = PBXFileReference; lastKnownFileType = sourcecode.swift; path = User.swift; sourceTree = "<group>"; };
		3B2F905E220DE7F1007E029D /* LoginController+handlers.swift */ = {isa = PBXFileReference; lastKnownFileType = sourcecode.swift; path = "LoginController+handlers.swift"; sourceTree = "<group>"; };
		766400C568060CAD2189B1C5 /* Pods-Gameofchats.debug.xcconfig */ = {isa = PBXFileReference; includeInIndex = 1; lastKnownFileType = text.xcconfig; name = "Pods-Gameofchats.debug.xcconfig"; path = "Pods/Target Support Files/Pods-Gameofchats/Pods-Gameofchats.debug.xcconfig"; sourceTree = "<group>"; };
		B031096FDDACEEEC6F163015 /* Pods-Gameofchats.release.xcconfig */ = {isa = PBXFileReference; includeInIndex = 1; lastKnownFileType = text.xcconfig; name = "Pods-Gameofchats.release.xcconfig"; path = "Pods/Target Support Files/Pods-Gameofchats/Pods-Gameofchats.release.xcconfig"; sourceTree = "<group>"; };
		B72809F6B902AE490B8A8A62 /* Pods_Gameofchats.framework */ = {isa = PBXFileReference; explicitFileType = wrapper.framework; includeInIndex = 0; path = Pods_Gameofchats.framework; sourceTree = BUILT_PRODUCTS_DIR; };
/* End PBXFileReference section */

/* Begin PBXFrameworksBuildPhase section */
		3B2F903C2205E401007E029D /* Frameworks */ = {
			isa = PBXFrameworksBuildPhase;
			buildActionMask = 2147483647;
			files = (
				DC806105641C0369AEB21844 /* Pods_Gameofchats.framework in Frameworks */,
			);
			runOnlyForDeploymentPostprocessing = 0;
		};
/* End PBXFrameworksBuildPhase section */

/* Begin PBXGroup section */
		3B02145122590944006E877B /* Helpers */ = {
			isa = PBXGroup;
			children = (
				3B0214522259095D006E877B /* Extensions.swift */,
			);
			path = Helpers;
			sourceTree = "<group>";
		};
		3B021458225F706A006E877B /* View */ = {
			isa = PBXGroup;
			children = (
				3B021459225F7087006E877B /* UserCell.swift */,
				3B02145B226209CE006E877B /* ChatMessageCell.swift */,
			);
			path = View;
			sourceTree = "<group>";
		};
		3B2F90362205E401007E029D = {
			isa = PBXGroup;
			children = (
				3B2F90412205E401007E029D /* Gameofchats */,
				3B2F90402205E401007E029D /* Products */,
				8BF2D63466FA24C2C5CDC793 /* Pods */,
				4D8A8A130C3A0313E74968D2 /* Frameworks */,
			);
			sourceTree = "<group>";
		};
		3B2F90402205E401007E029D /* Products */ = {
			isa = PBXGroup;
			children = (
				3B2F903F2205E401007E029D /* Gameofchats.app */,
			);
			name = Products;
			sourceTree = "<group>";
		};
		3B2F90412205E401007E029D /* Gameofchats */ = {
			isa = PBXGroup;
			children = (
				3B021458225F706A006E877B /* View */,
				3B02145122590944006E877B /* Helpers */,
				3B2F905B220CB181007E029D /* Model */,
				3B2F90542205FC4B007E029D /* Controller */,
				3B2F90422205E401007E029D /* AppDelegate.swift */,
				3B2F90462205E401007E029D /* Main.storyboard */,
				3B2F90492205E403007E029D /* Assets.xcassets */,
				3B2F904B2205E403007E029D /* LaunchScreen.storyboard */,
				3B2F904E2205E403007E029D /* Info.plist */,
				3B2F905722073D51007E029D /* GoogleService-Info.plist */,
			);
			path = Gameofchats;
			sourceTree = "<group>";
		};
		3B2F90542205FC4B007E029D /* Controller */ = {
			isa = PBXGroup;
			children = (
				3B2F90552205FC7B007E029D /* LoginController.swift */,
				3B2F90442205E401007E029D /* MessagesController.swift */,
				3B2F9059220CAAF6007E029D /* NewMessageController.swift */,
				3B2F905E220DE7F1007E029D /* LoginController+handlers.swift */,
				3B021454225D1766006E877B /* ChatLogController.swift */,
			);
			path = Controller;
			sourceTree = "<group>";
		};
		3B2F905B220CB181007E029D /* Model */ = {
			isa = PBXGroup;
			children = (
				3B2F905C220CB1A8007E029D /* User.swift */,
				3B021456225E5C61006E877B /* Message.swift */,
			);
			path = Model;
			sourceTree = "<group>";
		};
		4D8A8A130C3A0313E74968D2 /* Frameworks */ = {
			isa = PBXGroup;
			children = (
				B72809F6B902AE490B8A8A62 /* Pods_Gameofchats.framework */,
			);
			name = Frameworks;
			sourceTree = "<group>";
		};
		8BF2D63466FA24C2C5CDC793 /* Pods */ = {
			isa = PBXGroup;
			children = (
				766400C568060CAD2189B1C5 /* Pods-Gameofchats.debug.xcconfig */,
				B031096FDDACEEEC6F163015 /* Pods-Gameofchats.release.xcconfig */,
			);
			name = Pods;
			sourceTree = "<group>";
		};
/* End PBXGroup section */

/* Begin PBXNativeTarget section */
		3B2F903E2205E401007E029D /* Gameofchats */ = {
			isa = PBXNativeTarget;
			buildConfigurationList = 3B2F90512205E403007E029D /* Build configuration list for PBXNativeTarget "Gameofchats" */;
			buildPhases = (
				2DE2D779C4E9ACFF877C50F0 /* [CP] Check Pods Manifest.lock */,
				3B2F903B2205E401007E029D /* Sources */,
				3B2F903C2205E401007E029D /* Frameworks */,
				3B2F903D2205E401007E029D /* Resources */,
				20E4A51422F587C330E0CCAB /* [CP] Embed Pods Frameworks */,
			);
			buildRules = (
			);
			dependencies = (
			);
			name = Gameofchats;
			productName = Gameofchats;
			productReference = 3B2F903F2205E401007E029D /* Gameofchats.app */;
			productType = "com.apple.product-type.application";
		};
/* End PBXNativeTarget section */

/* Begin PBXProject section */
		3B2F90372205E401007E029D /* Project object */ = {
			isa = PBXProject;
			attributes = {
				LastSwiftUpdateCheck = 1010;
				LastUpgradeCheck = 1010;
				ORGANIZATIONNAME = "artyom korotkov";
				TargetAttributes = {
					3B2F903E2205E401007E029D = {
						CreatedOnToolsVersion = 10.1;
					};
				};
			};
			buildConfigurationList = 3B2F903A2205E401007E029D /* Build configuration list for PBXProject "Gameofchats" */;
			compatibilityVersion = "Xcode 9.3";
			developmentRegion = en;
			hasScannedForEncodings = 0;
			knownRegions = (
				en,
				Base,
			);
			mainGroup = 3B2F90362205E401007E029D;
			productRefGroup = 3B2F90402205E401007E029D /* Products */;
			projectDirPath = "";
			projectRoot = "";
			targets = (
				3B2F903E2205E401007E029D /* Gameofchats */,
			);
		};
/* End PBXProject section */

/* Begin PBXResourcesBuildPhase section */
		3B2F903D2205E401007E029D /* Resources */ = {
			isa = PBXResourcesBuildPhase;
			buildActionMask = 2147483647;
			files = (
				3B2F904D2205E403007E029D /* LaunchScreen.storyboard in Resources */,
				3B2F905822073D51007E029D /* GoogleService-Info.plist in Resources */,
				3B2F904A2205E403007E029D /* Assets.xcassets in Resources */,
				3B2F90482205E401007E029D /* Main.storyboard in Resources */,
			);
			runOnlyForDeploymentPostprocessing = 0;
		};
/* End PBXResourcesBuildPhase section */

/* Begin PBXShellScriptBuildPhase section */
		20E4A51422F587C330E0CCAB /* [CP] Embed Pods Frameworks */ = {
			isa = PBXShellScriptBuildPhase;
			buildActionMask = 2147483647;
			files = (
			);
			inputFileListPaths = (
			);
			inputPaths = (
				"${SRCROOT}/Pods/Target Support Files/Pods-Gameofchats/Pods-Gameofchats-frameworks.sh",
				"${BUILT_PRODUCTS_DIR}/GTMSessionFetcher/GTMSessionFetcher.framework",
				"${BUILT_PRODUCTS_DIR}/GoogleUtilities/GoogleUtilities.framework",
				"${BUILT_PRODUCTS_DIR}/leveldb-library/leveldb.framework",
				"${BUILT_PRODUCTS_DIR}/nanopb/nanopb.framework",
			);
			name = "[CP] Embed Pods Frameworks";
			outputFileListPaths = (
			);
			outputPaths = (
				"${TARGET_BUILD_DIR}/${FRAMEWORKS_FOLDER_PATH}/GTMSessionFetcher.framework",
				"${TARGET_BUILD_DIR}/${FRAMEWORKS_FOLDER_PATH}/GoogleUtilities.framework",
				"${TARGET_BUILD_DIR}/${FRAMEWORKS_FOLDER_PATH}/leveldb.framework",
				"${TARGET_BUILD_DIR}/${FRAMEWORKS_FOLDER_PATH}/nanopb.framework",
			);
			runOnlyForDeploymentPostprocessing = 0;
			shellPath = /bin/sh;
			shellScript = "\"${SRCROOT}/Pods/Target Support Files/Pods-Gameofchats/Pods-Gameofchats-frameworks.sh\"\n";
			showEnvVarsInLog = 0;
		};
		2DE2D779C4E9ACFF877C50F0 /* [CP] Check Pods Manifest.lock */ = {
			isa = PBXShellScriptBuildPhase;
			buildActionMask = 2147483647;
			files = (
			);
			inputFileListPaths = (
			);
			inputPaths = (
				"${PODS_PODFILE_DIR_PATH}/Podfile.lock",
				"${PODS_ROOT}/Manifest.lock",
			);
			name = "[CP] Check Pods Manifest.lock";
			outputFileListPaths = (
			);
			outputPaths = (
				"$(DERIVED_FILE_DIR)/Pods-Gameofchats-checkManifestLockResult.txt",
			);
			runOnlyForDeploymentPostprocessing = 0;
			shellPath = /bin/sh;
			shellScript = "diff \"${PODS_PODFILE_DIR_PATH}/Podfile.lock\" \"${PODS_ROOT}/Manifest.lock\" > /dev/null\nif [ $? != 0 ] ; then\n    # print error to STDERR\n    echo \"error: The sandbox is not in sync with the Podfile.lock. Run 'pod install' or update your CocoaPods installation.\" >&2\n    exit 1\nfi\n# This output is used by Xcode 'outputs' to avoid re-running this script phase.\necho \"SUCCESS\" > \"${SCRIPT_OUTPUT_FILE_0}\"\n";
			showEnvVarsInLog = 0;
		};
/* End PBXShellScriptBuildPhase section */

/* Begin PBXSourcesBuildPhase section */
		3B2F903B2205E401007E029D /* Sources */ = {
			isa = PBXSourcesBuildPhase;
			buildActionMask = 2147483647;
			files = (
				3B021455225D1766006E877B /* ChatLogController.swift in Sources */,
				3B2F905A220CAAF6007E029D /* NewMessageController.swift in Sources */,
				3B2F90452205E401007E029D /* MessagesController.swift in Sources */,
				3B021457225E5C61006E877B /* Message.swift in Sources */,
				3B2F905F220DE7F1007E029D /* LoginController+handlers.swift in Sources */,
				3B2F90562205FC7B007E029D /* LoginController.swift in Sources */,
				3B2F905D220CB1A8007E029D /* User.swift in Sources */,
				3B02145C226209CE006E877B /* ChatMessageCell.swift in Sources */,
				3B2F90432205E401007E029D /* AppDelegate.swift in Sources */,
				3B02145A225F7087006E877B /* UserCell.swift in Sources */,
				3B0214532259095D006E877B /* Extensions.swift in Sources */,
			);
			runOnlyForDeploymentPostprocessing = 0;
		};
/* End PBXSourcesBuildPhase section */

/* Begin PBXVariantGroup section */
		3B2F90462205E401007E029D /* Main.storyboard */ = {
			isa = PBXVariantGroup;
			children = (
				3B2F90472205E401007E029D /* Base */,
			);
			name = Main.storyboard;
			sourceTree = "<group>";
		};
		3B2F904B2205E403007E029D /* LaunchScreen.storyboard */ = {
			isa = PBXVariantGroup;
			children = (
				3B2F904C2205E403007E029D /* Base */,
			);
			name = LaunchScreen.storyboard;
			sourceTree = "<group>";
		};
/* End PBXVariantGroup section */

/* Begin XCBuildConfiguration section */
		3B2F904F2205E403007E029D /* Debug */ = {
			isa = XCBuildConfiguration;
			buildSettings = {
				ALWAYS_SEARCH_USER_PATHS = NO;
				CLANG_ANALYZER_NONNULL = YES;
				CLANG_ANALYZER_NUMBER_OBJECT_CONVERSION = YES_AGGRESSIVE;
				CLANG_CXX_LANGUAGE_STANDARD = "gnu++14";
				CLANG_CXX_LIBRARY = "libc++";
				CLANG_ENABLE_MODULES = YES;
				CLANG_ENABLE_OBJC_ARC = YES;
				CLANG_ENABLE_OBJC_WEAK = YES;
				CLANG_WARN_BLOCK_CAPTURE_AUTORELEASING = YES;
				CLANG_WARN_BOOL_CONVERSION = YES;
				CLANG_WARN_COMMA = YES;
				CLANG_WARN_CONSTANT_CONVERSION = YES;
				CLANG_WARN_DEPRECATED_OBJC_IMPLEMENTATIONS = YES;
				CLANG_WARN_DIRECT_OBJC_ISA_USAGE = YES_ERROR;
				CLANG_WARN_DOCUMENTATION_COMMENTS = YES;
				CLANG_WARN_EMPTY_BODY = YES;
				CLANG_WARN_ENUM_CONVERSION = YES;
				CLANG_WARN_INFINITE_RECURSION = YES;
				CLANG_WARN_INT_CONVERSION = YES;
				CLANG_WARN_NON_LITERAL_NULL_CONVERSION = YES;
				CLANG_WARN_OBJC_IMPLICIT_RETAIN_SELF = YES;
				CLANG_WARN_OBJC_LITERAL_CONVERSION = YES;
				CLANG_WARN_OBJC_ROOT_CLASS = YES_ERROR;
				CLANG_WARN_RANGE_LOOP_ANALYSIS = YES;
				CLANG_WARN_STRICT_PROTOTYPES = YES;
				CLANG_WARN_SUSPICIOUS_MOVE = YES;
				CLANG_WARN_UNGUARDED_AVAILABILITY = YES_AGGRESSIVE;
				CLANG_WARN_UNREACHABLE_CODE = YES;
				CLANG_WARN__DUPLICATE_METHOD_MATCH = YES;
				CODE_SIGN_IDENTITY = "iPhone Developer";
				COPY_PHASE_STRIP = NO;
				DEBUG_INFORMATION_FORMAT = dwarf;
				ENABLE_STRICT_OBJC_MSGSEND = YES;
				ENABLE_TESTABILITY = YES;
				GCC_C_LANGUAGE_STANDARD = gnu11;
				GCC_DYNAMIC_NO_PIC = NO;
				GCC_NO_COMMON_BLOCKS = YES;
				GCC_OPTIMIZATION_LEVEL = 0;
				GCC_PREPROCESSOR_DEFINITIONS = (
					"DEBUG=1",
					"$(inherited)",
				);
				GCC_WARN_64_TO_32_BIT_CONVERSION = YES;
				GCC_WARN_ABOUT_RETURN_TYPE = YES_ERROR;
				GCC_WARN_UNDECLARED_SELECTOR = YES;
				GCC_WARN_UNINITIALIZED_AUTOS = YES_AGGRESSIVE;
				GCC_WARN_UNUSED_FUNCTION = YES;
				GCC_WARN_UNUSED_VARIABLE = YES;
				IPHONEOS_DEPLOYMENT_TARGET = 12.1;
				MTL_ENABLE_DEBUG_INFO = INCLUDE_SOURCE;
				MTL_FAST_MATH = YES;
				ONLY_ACTIVE_ARCH = YES;
				SDKROOT = iphoneos;
				SWIFT_ACTIVE_COMPILATION_CONDITIONS = DEBUG;
				SWIFT_OPTIMIZATION_LEVEL = "-Onone";
			};
			name = Debug;
		};
		3B2F90502205E403007E029D /* Release */ = {
			isa = XCBuildConfiguration;
			buildSettings = {
				ALWAYS_SEARCH_USER_PATHS = NO;
				CLANG_ANALYZER_NONNULL = YES;
				CLANG_ANALYZER_NUMBER_OBJECT_CONVERSION = YES_AGGRESSIVE;
				CLANG_CXX_LANGUAGE_STANDARD = "gnu++14";
				CLANG_CXX_LIBRARY = "libc++";
				CLANG_ENABLE_MODULES = YES;
				CLANG_ENABLE_OBJC_ARC = YES;
				CLANG_ENABLE_OBJC_WEAK = YES;
				CLANG_WARN_BLOCK_CAPTURE_AUTORELEASING = YES;
				CLANG_WARN_BOOL_CONVERSION = YES;
				CLANG_WARN_COMMA = YES;
				CLANG_WARN_CONSTANT_CONVERSION = YES;
				CLANG_WARN_DEPRECATED_OBJC_IMPLEMENTATIONS = YES;
				CLANG_WARN_DIRECT_OBJC_ISA_USAGE = YES_ERROR;
				CLANG_WARN_DOCUMENTATION_COMMENTS = YES;
				CLANG_WARN_EMPTY_BODY = YES;
				CLANG_WARN_ENUM_CONVERSION = YES;
				CLANG_WARN_INFINITE_RECURSION = YES;
				CLANG_WARN_INT_CONVERSION = YES;
				CLANG_WARN_NON_LITERAL_NULL_CONVERSION = YES;
				CLANG_WARN_OBJC_IMPLICIT_RETAIN_SELF = YES;
				CLANG_WARN_OBJC_LITERAL_CONVERSION = YES;
				CLANG_WARN_OBJC_ROOT_CLASS = YES_ERROR;
				CLANG_WARN_RANGE_LOOP_ANALYSIS = YES;
				CLANG_WARN_STRICT_PROTOTYPES = YES;
				CLANG_WARN_SUSPICIOUS_MOVE = YES;
				CLANG_WARN_UNGUARDED_AVAILABILITY = YES_AGGRESSIVE;
				CLANG_WARN_UNREACHABLE_CODE = YES;
				CLANG_WARN__DUPLICATE_METHOD_MATCH = YES;
				CODE_SIGN_IDENTITY = "iPhone Developer";
				COPY_PHASE_STRIP = NO;
				DEBUG_INFORMATION_FORMAT = "dwarf-with-dsym";
				ENABLE_NS_ASSERTIONS = NO;
				ENABLE_STRICT_OBJC_MSGSEND = YES;
				GCC_C_LANGUAGE_STANDARD = gnu11;
				GCC_NO_COMMON_BLOCKS = YES;
				GCC_WARN_64_TO_32_BIT_CONVERSION = YES;
				GCC_WARN_ABOUT_RETURN_TYPE = YES_ERROR;
				GCC_WARN_UNDECLARED_SELECTOR = YES;
				GCC_WARN_UNINITIALIZED_AUTOS = YES_AGGRESSIVE;
				GCC_WARN_UNUSED_FUNCTION = YES;
				GCC_WARN_UNUSED_VARIABLE = YES;
				IPHONEOS_DEPLOYMENT_TARGET = 12.1;
				MTL_ENABLE_DEBUG_INFO = NO;
				MTL_FAST_MATH = YES;
				SDKROOT = iphoneos;
				SWIFT_COMPILATION_MODE = wholemodule;
				SWIFT_OPTIMIZATION_LEVEL = "-O";
				VALIDATE_PRODUCT = YES;
			};
			name = Release;
		};
		3B2F90522205E403007E029D /* Debug */ = {
			isa = XCBuildConfiguration;
			baseConfigurationReference = 766400C568060CAD2189B1C5 /* Pods-Gameofchats.debug.xcconfig */;
			buildSettings = {
				ASSETCATALOG_COMPILER_APPICON_NAME = AppIcon;
				CODE_SIGN_STYLE = Automatic;
				DEVELOPMENT_TEAM = 8H9V592ULX;
				INFOPLIST_FILE = Gameofchats/Info.plist;
				LD_RUNPATH_SEARCH_PATHS = (
					"$(inherited)",
					"@executable_path/Frameworks",
				);
				PRODUCT_BUNDLE_IDENTIFIER = com.korotkov.example.Gameofchats;
				PRODUCT_NAME = "$(TARGET_NAME)";
				SWIFT_VERSION = 4.2;
				TARGETED_DEVICE_FAMILY = "1,2";
			};
			name = Debug;
		};
		3B2F90532205E403007E029D /* Release */ = {
			isa = XCBuildConfiguration;
			baseConfigurationReference = B031096FDDACEEEC6F163015 /* Pods-Gameofchats.release.xcconfig */;
			buildSettings = {
				ASSETCATALOG_COMPILER_APPICON_NAME = AppIcon;
				CODE_SIGN_STYLE = Automatic;
				DEVELOPMENT_TEAM = 8H9V592ULX;
				INFOPLIST_FILE = Gameofchats/Info.plist;
				LD_RUNPATH_SEARCH_PATHS = (
					"$(inherited)",
					"@executable_path/Frameworks",
				);
				PRODUCT_BUNDLE_IDENTIFIER = com.korotkov.example.Gameofchats;
				PRODUCT_NAME = "$(TARGET_NAME)";
				SWIFT_VERSION = 4.2;
				TARGETED_DEVICE_FAMILY = "1,2";
			};
			name = Release;
		};
/* End XCBuildConfiguration section */

/* Begin XCConfigurationList section */
		3B2F903A2205E401007E029D /* Build configuration list for PBXProject "Gameofchats" */ = {
			isa = XCConfigurationList;
			buildConfigurations = (
				3B2F904F2205E403007E029D /* Debug */,
				3B2F90502205E403007E029D /* Release */,
			);
			defaultConfigurationIsVisible = 0;
			defaultConfigurationName = Release;
		};
		3B2F90512205E403007E029D /* Build configuration list for PBXNativeTarget "Gameofchats" */ = {
			isa = XCConfigurationList;
			buildConfigurations = (
				3B2F90522205E403007E029D /* Debug */,
				3B2F90532205E403007E029D /* Release */,
			);
			defaultConfigurationIsVisible = 0;
			defaultConfigurationName = Release;
		};
/* End XCConfigurationList section */
	};
	rootObject = 3B2F90372205E401007E029D /* Project object */;
}
